
Microsoft Visual Studio Solution File, Format Version 12.00
# Visual Studio 2013
VisualStudioVersion = 12.0.21005.1
MinimumVisualStudioVersion = 10.0.40219.1
Project("{FAE04EC0-301F-11D3-BF4B-00C04F79EFBC}") = "SysManager.Common.Utilities", "SysManager.Common.Utilities\SysManager.Common.Utilities.csproj", "{682AC06F-7368-42E1-9E8F-2CDFF6E59DDA}"
EndProject
Project("{FAE04EC0-301F-11D3-BF4B-00C04F79EFBC}") = "SysManager.DB.Utilities", "SysManager.DB.Utilities\SysManager.DB.Utilities.csproj", "{54F0D23E-EEB3-40F6-A867-2FC16E24CBC6}"
EndProject
Project("{FAE04EC0-301F-11D3-BF4B-00C04F79EFBC}") = "SysManager.Common.Models", "SysManager.Common.Models\SysManager.Common.Models.csproj", "{8A5484DA-79F1-4A03-A976-EB7732B5A126}"
EndProject
Global
	GlobalSection(SolutionConfigurationPlatforms) = preSolution
		Debug|Any CPU = Debug|Any CPU
		Release|Any CPU = Release|Any CPU
	EndGlobalSection
	GlobalSection(ProjectConfigurationPlatforms) = postSolution
		{682AC06F-7368-42E1-9E8F-2CDFF6E59DDA}.Debug|Any CPU.ActiveCfg = Debug|Any CPU
		{682AC06F-7368-42E1-9E8F-2CDFF6E59DDA}.Debug|Any CPU.Build.0 = Debug|Any CPU
		{682AC06F-7368-42E1-9E8F-2CDFF6E59DDA}.Release|Any CPU.ActiveCfg = Release|Any CPU
		{682AC06F-7368-42E1-9E8F-2CDFF6E59DDA}.Release|Any CPU.Build.0 = Release|Any CPU
		{54F0D23E-EEB3-40F6-A867-2FC16E24CBC6}.Debug|Any CPU.ActiveCfg = Debug|Any CPU
		{54F0D23E-EEB3-40F6-A867-2FC16E24CBC6}.Debug|Any CPU.Build.0 = Debug|Any CPU
		{54F0D23E-EEB3-40F6-A867-2FC16E24CBC6}.Release|Any CPU.ActiveCfg = Release|Any CPU
		{54F0D23E-EEB3-40F6-A867-2FC16E24CBC6}.Release|Any CPU.Build.0 = Release|Any CPU
		{8A5484DA-79F1-4A03-A976-EB7732B5A126}.Debug|Any CPU.ActiveCfg = Debug|Any CPU
		{8A5484DA-79F1-4A03-A976-EB7732B5A126}.Debug|Any CPU.Build.0 = Debug|Any CPU
		{8A5484DA-79F1-4A03-A976-EB7732B5A126}.Release|Any CPU.ActiveCfg = Release|Any CPU
		{8A5484DA-79F1-4A03-A976-EB7732B5A126}.Release|Any CPU.Build.0 = Release|Any CPU
	EndGlobalSection
	GlobalSection(SolutionProperties) = preSolution
		HideSolutionNode = FALSE
	EndGlobalSection
EndGlobal
